
Microsoft Visual Studio Solution File, Format Version 12.00
# Visual Studio Version 17
VisualStudioVersion = 17.7.34009.444
MinimumVisualStudioVersion = 10.0.40219.1
Project("{888888A0-9F3D-457C-B088-3A5042F75D52}") = "Pawword Generator", "Pawword Generator\Pawword Generator.pyproj", "{E7A7CC7B-351A-4568-9361-9E2C31C40F20}"
EndProject
Global
	GlobalSection(SolutionConfigurationPlatforms) = preSolution
		Debug|Any CPU = Debug|Any CPU
		Release|Any CPU = Release|Any CPU
	EndGlobalSection
	GlobalSection(ProjectConfigurationPlatforms) = postSolution
		{E7A7CC7B-351A-4568-9361-9E2C31C40F20}.Debug|Any CPU.ActiveCfg = Debug|Any CPU
		{E7A7CC7B-351A-4568-9361-9E2C31C40F20}.Release|Any CPU.ActiveCfg = Release|Any CPU
	EndGlobalSection
	GlobalSection(SolutionProperties) = preSolution
		HideSolutionNode = FALSE
	EndGlobalSection
	GlobalSection(ExtensibilityGlobals) = postSolution
		SolutionGuid = {155476D4-D147-4EF7-A31C-FCD4977FEB09}
	EndGlobalSection
EndGlobal
